
Microsoft Visual Studio Solution File, Format Version 12.00
# Visual Studio 2012
Project("{FAE04EC0-301F-11D3-BF4B-00C04F79EFBC}") = "GeekTools", "GeekTools\GeekTools.csproj", "{17043B6E-3406-4ECA-AD65-B5DA0A0FAA50}"
EndProject
Project("{FAE04EC0-301F-11D3-BF4B-00C04F79EFBC}") = "GeekTools_Charts", "GeekTools_Charts\GeekTools_Charts.csproj", "{26C4838B-C074-4D2E-840E-EDFF6A53F5D6}"
EndProject
Project("{FAE04EC0-301F-11D3-BF4B-00C04F79EFBC}") = "GeekTools_Model", "GeekTools_Model\GeekTools_Model.csproj", "{4640C8A2-1795-44E7-8A04-AF5CEE967AFF}"
EndProject
Project("{FAE04EC0-301F-11D3-BF4B-00C04F79EFBC}") = "GeekTools_OCR", "GeekTools_OCR\GeekTools_OCR.csproj", "{0F3B6A8B-27E3-48A7-BA8F-1E6B60135087}"
EndProject
Project("{FAE04EC0-301F-11D3-BF4B-00C04F79EFBC}") = "GeekToolsTest", "GeekToolsTest\GeekToolsTest.csproj", "{38BA7603-333B-47BC-BF84-A988020D7E23}"
EndProject
Project("{2150E333-8FDC-42A3-9474-1A3956D46DE8}") = ".nuget", ".nuget", "{CA20C60B-B8F1-4EEF-8C0E-750E251E6E6F}"
	ProjectSection(SolutionItems) = preProject
		.nuget\packages.config = .nuget\packages.config
	EndProjectSection
EndProject
Global
	GlobalSection(SolutionConfigurationPlatforms) = preSolution
		Debug|Any CPU = Debug|Any CPU
		Release|Any CPU = Release|Any CPU
	EndGlobalSection
	GlobalSection(ProjectConfigurationPlatforms) = postSolution
		{17043B6E-3406-4ECA-AD65-B5DA0A0FAA50}.Debug|Any CPU.ActiveCfg = Debug|Any CPU
		{17043B6E-3406-4ECA-AD65-B5DA0A0FAA50}.Debug|Any CPU.Build.0 = Debug|Any CPU
		{17043B6E-3406-4ECA-AD65-B5DA0A0FAA50}.Release|Any CPU.ActiveCfg = Release|Any CPU
		{17043B6E-3406-4ECA-AD65-B5DA0A0FAA50}.Release|Any CPU.Build.0 = Release|Any CPU
		{26C4838B-C074-4D2E-840E-EDFF6A53F5D6}.Debug|Any CPU.ActiveCfg = Debug|Any CPU
		{26C4838B-C074-4D2E-840E-EDFF6A53F5D6}.Debug|Any CPU.Build.0 = Debug|Any CPU
		{26C4838B-C074-4D2E-840E-EDFF6A53F5D6}.Release|Any CPU.ActiveCfg = Release|Any CPU
		{26C4838B-C074-4D2E-840E-EDFF6A53F5D6}.Release|Any CPU.Build.0 = Release|Any CPU
		{4640C8A2-1795-44E7-8A04-AF5CEE967AFF}.Debug|Any CPU.ActiveCfg = Debug|Any CPU
		{4640C8A2-1795-44E7-8A04-AF5CEE967AFF}.Debug|Any CPU.Build.0 = Debug|Any CPU
		{4640C8A2-1795-44E7-8A04-AF5CEE967AFF}.Release|Any CPU.ActiveCfg = Release|Any CPU
		{4640C8A2-1795-44E7-8A04-AF5CEE967AFF}.Release|Any CPU.Build.0 = Release|Any CPU
		{0F3B6A8B-27E3-48A7-BA8F-1E6B60135087}.Debug|Any CPU.ActiveCfg = Debug|Any CPU
		{0F3B6A8B-27E3-48A7-BA8F-1E6B60135087}.Debug|Any CPU.Build.0 = Debug|Any CPU
		{0F3B6A8B-27E3-48A7-BA8F-1E6B60135087}.Release|Any CPU.ActiveCfg = Release|Any CPU
		{0F3B6A8B-27E3-48A7-BA8F-1E6B60135087}.Release|Any CPU.Build.0 = Release|Any CPU
		{38BA7603-333B-47BC-BF84-A988020D7E23}.Debug|Any CPU.ActiveCfg = Debug|Any CPU
		{38BA7603-333B-47BC-BF84-A988020D7E23}.Debug|Any CPU.Build.0 = Debug|Any CPU
		{38BA7603-333B-47BC-BF84-A988020D7E23}.Release|Any CPU.ActiveCfg = Release|Any CPU
		{38BA7603-333B-47BC-BF84-A988020D7E23}.Release|Any CPU.Build.0 = Release|Any CPU
	EndGlobalSection
	GlobalSection(SolutionProperties) = preSolution
		HideSolutionNode = FALSE
	EndGlobalSection
EndGlobal
